
Microsoft Visual Studio Solution File, Format Version 12.00
# Visual Studio 2013
VisualStudioVersion = 12.0.40629.0
MinimumVisualStudioVersion = 10.0.40219.1
Project("{FAE04EC0-301F-11D3-BF4B-00C04F79EFBC}") = "PersonalAnalytics", "PersonalAnalytics\PersonalAnalytics.csproj", "{2C91881A-1F9F-457E-9187-129E1E320880}"
EndProject
Project("{FAE04EC0-301F-11D3-BF4B-00C04F79EFBC}") = "WindowsActivityTracker", "WindowsActivityTracker\WindowsActivityTracker.csproj", "{2B903556-4DD2-41CE-BEAC-3DDD045F717D}"
EndProject
Project("{FAE04EC0-301F-11D3-BF4B-00C04F79EFBC}") = "Shared", "Shared\Shared.csproj", "{2BBDFA6D-20DD-4A7B-893E-43C388382C9A}"
EndProject
Project("{FAE04EC0-301F-11D3-BF4B-00C04F79EFBC}") = "UserEfficiencyTracker", "UserEfficiencyTracker\UserEfficiencyTracker.csproj", "{30DDA905-2068-4985-8372-FFB11C8AD4D9}"
EndProject
Project("{FAE04EC0-301F-11D3-BF4B-00C04F79EFBC}") = "TaskSwitchTracker", "TaskSwitchTracker\TaskSwitchTracker.csproj", "{6505E53E-9890-4CD6-88DD-C72710A7F7AB}"
EndProject
Project("{FAE04EC0-301F-11D3-BF4B-00C04F79EFBC}") = "UserInputTracker", "UserInputTracker\UserInputTracker.csproj", "{F4F1AFB6-71A9-4AB4-BE95-D3C45D3492CC}"
EndProject
Project("{FAE04EC0-301F-11D3-BF4B-00C04F79EFBC}") = "WindowsContextTracker", "WindowsContextTracker\WindowsContextTracker.csproj", "{E91DC4E4-21D4-4C99-BA73-13F33E3D111D}"
EndProject
Project("{FAE04EC0-301F-11D3-BF4B-00C04F79EFBC}") = "OcrLibrary", "OcrLibrary\OcrLibrary.csproj", "{608A5AD4-9B04-4025-A5F5-1C118C692E96}"
EndProject
Global
	GlobalSection(SolutionConfigurationPlatforms) = preSolution
		Debug|Any CPU = Debug|Any CPU
		Release|Any CPU = Release|Any CPU
	EndGlobalSection
	GlobalSection(ProjectConfigurationPlatforms) = postSolution
		{2C91881A-1F9F-457E-9187-129E1E320880}.Debug|Any CPU.ActiveCfg = Debug|Any CPU
		{2C91881A-1F9F-457E-9187-129E1E320880}.Debug|Any CPU.Build.0 = Debug|Any CPU
		{2C91881A-1F9F-457E-9187-129E1E320880}.Release|Any CPU.ActiveCfg = Release|Any CPU
		{2C91881A-1F9F-457E-9187-129E1E320880}.Release|Any CPU.Build.0 = Release|Any CPU
		{2B903556-4DD2-41CE-BEAC-3DDD045F717D}.Debug|Any CPU.ActiveCfg = Debug|Any CPU
		{2B903556-4DD2-41CE-BEAC-3DDD045F717D}.Debug|Any CPU.Build.0 = Debug|Any CPU
		{2B903556-4DD2-41CE-BEAC-3DDD045F717D}.Release|Any CPU.ActiveCfg = Release|Any CPU
		{2B903556-4DD2-41CE-BEAC-3DDD045F717D}.Release|Any CPU.Build.0 = Release|Any CPU
		{2BBDFA6D-20DD-4A7B-893E-43C388382C9A}.Debug|Any CPU.ActiveCfg = Debug|Any CPU
		{2BBDFA6D-20DD-4A7B-893E-43C388382C9A}.Debug|Any CPU.Build.0 = Debug|Any CPU
		{2BBDFA6D-20DD-4A7B-893E-43C388382C9A}.Release|Any CPU.ActiveCfg = Release|Any CPU
		{2BBDFA6D-20DD-4A7B-893E-43C388382C9A}.Release|Any CPU.Build.0 = Release|Any CPU
		{30DDA905-2068-4985-8372-FFB11C8AD4D9}.Debug|Any CPU.ActiveCfg = Debug|Any CPU
		{30DDA905-2068-4985-8372-FFB11C8AD4D9}.Debug|Any CPU.Build.0 = Debug|Any CPU
		{30DDA905-2068-4985-8372-FFB11C8AD4D9}.Release|Any CPU.ActiveCfg = Release|Any CPU
		{30DDA905-2068-4985-8372-FFB11C8AD4D9}.Release|Any CPU.Build.0 = Release|Any CPU
		{6505E53E-9890-4CD6-88DD-C72710A7F7AB}.Debug|Any CPU.ActiveCfg = Debug|Any CPU
		{6505E53E-9890-4CD6-88DD-C72710A7F7AB}.Debug|Any CPU.Build.0 = Debug|Any CPU
		{6505E53E-9890-4CD6-88DD-C72710A7F7AB}.Release|Any CPU.ActiveCfg = Release|Any CPU
		{6505E53E-9890-4CD6-88DD-C72710A7F7AB}.Release|Any CPU.Build.0 = Release|Any CPU
		{F4F1AFB6-71A9-4AB4-BE95-D3C45D3492CC}.Debug|Any CPU.ActiveCfg = Debug|Any CPU
		{F4F1AFB6-71A9-4AB4-BE95-D3C45D3492CC}.Debug|Any CPU.Build.0 = Debug|Any CPU
		{F4F1AFB6-71A9-4AB4-BE95-D3C45D3492CC}.Release|Any CPU.ActiveCfg = Release|Any CPU
		{F4F1AFB6-71A9-4AB4-BE95-D3C45D3492CC}.Release|Any CPU.Build.0 = Release|Any CPU
		{E91DC4E4-21D4-4C99-BA73-13F33E3D111D}.Debug|Any CPU.ActiveCfg = Debug|Any CPU
		{E91DC4E4-21D4-4C99-BA73-13F33E3D111D}.Debug|Any CPU.Build.0 = Debug|Any CPU
		{E91DC4E4-21D4-4C99-BA73-13F33E3D111D}.Release|Any CPU.ActiveCfg = Release|Any CPU
		{E91DC4E4-21D4-4C99-BA73-13F33E3D111D}.Release|Any CPU.Build.0 = Release|Any CPU
		{608A5AD4-9B04-4025-A5F5-1C118C692E96}.Debug|Any CPU.ActiveCfg = Debug|Any CPU
		{608A5AD4-9B04-4025-A5F5-1C118C692E96}.Debug|Any CPU.Build.0 = Debug|Any CPU
		{608A5AD4-9B04-4025-A5F5-1C118C692E96}.Release|Any CPU.ActiveCfg = Release|Any CPU
		{608A5AD4-9B04-4025-A5F5-1C118C692E96}.Release|Any CPU.Build.0 = Release|Any CPU
	EndGlobalSection
	GlobalSection(SolutionProperties) = preSolution
		HideSolutionNode = FALSE
	EndGlobalSection
	GlobalSection(CodealikeProperties) = postSolution
		SolutionGuid = 1e6ec338-a34e-4152-ba61-fbf34516bbf8
	EndGlobalSection
EndGlobal
