
Microsoft Visual Studio Solution File, Format Version 12.00
# Visual Studio 14
VisualStudioVersion = 14.0.25420.1
MinimumVisualStudioVersion = 10.0.40219.1
Project("{FAE04EC0-301F-11D3-BF4B-00C04F79EFBC}") = "PersonalAnalytics", "PersonalAnalytics\PersonalAnalytics.csproj", "{2C91881A-1F9F-457E-9187-129E1E320880}"
EndProject
Project("{FAE04EC0-301F-11D3-BF4B-00C04F79EFBC}") = "WindowsActivityTracker", "WindowsActivityTracker\WindowsActivityTracker.csproj", "{2B903556-4DD2-41CE-BEAC-3DDD045F717D}"
EndProject
Project("{FAE04EC0-301F-11D3-BF4B-00C04F79EFBC}") = "Shared", "Shared\Shared.csproj", "{2BBDFA6D-20DD-4A7B-893E-43C388382C9A}"
EndProject
Project("{FAE04EC0-301F-11D3-BF4B-00C04F79EFBC}") = "UserEfficiencyTracker", "UserEfficiencyTracker\UserEfficiencyTracker.csproj", "{30DDA905-2068-4985-8372-FFB11C8AD4D9}"
EndProject
Project("{FAE04EC0-301F-11D3-BF4B-00C04F79EFBC}") = "UserInputTracker", "UserInputTracker\UserInputTracker.csproj", "{F4F1AFB6-71A9-4AB4-BE95-D3C45D3492CC}"
EndProject
Project("{FAE04EC0-301F-11D3-BF4B-00C04F79EFBC}") = "Retrospection", "Retrospection\Retrospection.csproj", "{EBD795E6-E7AD-49E4-A812-D2DE29186C49}"
EndProject
Project("{FAE04EC0-301F-11D3-BF4B-00C04F79EFBC}") = "TimeSpentVisualizer", "TimeSpentVisualizer\TimeSpentVisualizer.csproj", "{8EBA3B95-BE0E-4498-9EAC-20D417176A00}"
EndProject
Project("{FAE04EC0-301F-11D3-BF4B-00C04F79EFBC}") = "TimeSpentVisualizerTests", "TimeSpentVisualizerTests\TimeSpentVisualizerTests.csproj", "{D5B8E8C4-DEF0-4225-9BF0-1C85FAC535B5}"
EndProject
Project("{FAE04EC0-301F-11D3-BF4B-00C04F79EFBC}") = "MsOfficeTracker", "MsOfficeTracker\MsOfficeTracker.csproj", "{82ED616D-1508-41C5-A72A-B6A4F7C9B7E6}"
EndProject
Project("{FAE04EC0-301F-11D3-BF4B-00C04F79EFBC}") = "BluetoothLowEnergyConnector", "BluetoothLowEnergyConnector\BluetoothLowEnergyConnector.csproj", "{6FF21D77-0B66-409D-B57C-E5338C50849B}"
EndProject
Project("{FAE04EC0-301F-11D3-BF4B-00C04F79EFBC}") = "PolarTracker", "PolarTracker\PolarTracker.csproj", "{C42CC860-6372-469F-A52B-5D675F2650D6}"
EndProject
Project("{FAE04EC0-301F-11D3-BF4B-00C04F79EFBC}") = "FitbitTracker", "FitbitTracker\FitbitTracker.csproj", "{D7752ED4-6DD5-4953-8B5F-BBCE24136D1C}"
EndProject
Project("{FAE04EC0-301F-11D3-BF4B-00C04F79EFBC}") = "UserInterruptibilityTracker", "UserInterruptibilityTracker\UserInterruptibilityTracker.csproj", "{546A008D-F0C1-44C2-9768-9360154BB456}"
EndProject
Project("{FAE04EC0-301F-11D3-BF4B-00C04F79EFBC}") = "FitbitTrackerTests", "FitbitTrackerTests\FitbitTrackerTests.csproj", "{5A61DDD2-DE30-40D8-BFFF-8EF238BA65A5}"
EndProject
Global
	GlobalSection(SolutionConfigurationPlatforms) = preSolution
		Debug|Any CPU = Debug|Any CPU
		Debug|x86 = Debug|x86
		Release|Any CPU = Release|Any CPU
		Release|x86 = Release|x86
	EndGlobalSection
	GlobalSection(ProjectConfigurationPlatforms) = postSolution
		{2C91881A-1F9F-457E-9187-129E1E320880}.Debug|Any CPU.ActiveCfg = Debug|Any CPU
		{2C91881A-1F9F-457E-9187-129E1E320880}.Debug|Any CPU.Build.0 = Debug|Any CPU
		{2C91881A-1F9F-457E-9187-129E1E320880}.Debug|x86.ActiveCfg = Debug|x86
		{2C91881A-1F9F-457E-9187-129E1E320880}.Debug|x86.Build.0 = Debug|x86
		{2C91881A-1F9F-457E-9187-129E1E320880}.Release|Any CPU.ActiveCfg = Release|Any CPU
		{2C91881A-1F9F-457E-9187-129E1E320880}.Release|Any CPU.Build.0 = Release|Any CPU
		{2C91881A-1F9F-457E-9187-129E1E320880}.Release|x86.ActiveCfg = Release|x86
		{2C91881A-1F9F-457E-9187-129E1E320880}.Release|x86.Build.0 = Release|x86
		{2B903556-4DD2-41CE-BEAC-3DDD045F717D}.Debug|Any CPU.ActiveCfg = Debug|Any CPU
		{2B903556-4DD2-41CE-BEAC-3DDD045F717D}.Debug|Any CPU.Build.0 = Debug|Any CPU
		{2B903556-4DD2-41CE-BEAC-3DDD045F717D}.Debug|x86.ActiveCfg = Debug|Any CPU
		{2B903556-4DD2-41CE-BEAC-3DDD045F717D}.Debug|x86.Build.0 = Debug|Any CPU
		{2B903556-4DD2-41CE-BEAC-3DDD045F717D}.Release|Any CPU.ActiveCfg = Release|Any CPU
		{2B903556-4DD2-41CE-BEAC-3DDD045F717D}.Release|Any CPU.Build.0 = Release|Any CPU
		{2B903556-4DD2-41CE-BEAC-3DDD045F717D}.Release|x86.ActiveCfg = Release|Any CPU
		{2B903556-4DD2-41CE-BEAC-3DDD045F717D}.Release|x86.Build.0 = Release|Any CPU
		{2BBDFA6D-20DD-4A7B-893E-43C388382C9A}.Debug|Any CPU.ActiveCfg = Debug|Any CPU
		{2BBDFA6D-20DD-4A7B-893E-43C388382C9A}.Debug|Any CPU.Build.0 = Debug|Any CPU
		{2BBDFA6D-20DD-4A7B-893E-43C388382C9A}.Debug|x86.ActiveCfg = Debug|Any CPU
		{2BBDFA6D-20DD-4A7B-893E-43C388382C9A}.Debug|x86.Build.0 = Debug|Any CPU
		{2BBDFA6D-20DD-4A7B-893E-43C388382C9A}.Release|Any CPU.ActiveCfg = Release|Any CPU
		{2BBDFA6D-20DD-4A7B-893E-43C388382C9A}.Release|Any CPU.Build.0 = Release|Any CPU
		{2BBDFA6D-20DD-4A7B-893E-43C388382C9A}.Release|x86.ActiveCfg = Release|Any CPU
		{2BBDFA6D-20DD-4A7B-893E-43C388382C9A}.Release|x86.Build.0 = Release|Any CPU
		{30DDA905-2068-4985-8372-FFB11C8AD4D9}.Debug|Any CPU.ActiveCfg = Debug|Any CPU
		{30DDA905-2068-4985-8372-FFB11C8AD4D9}.Debug|Any CPU.Build.0 = Debug|Any CPU
		{30DDA905-2068-4985-8372-FFB11C8AD4D9}.Debug|x86.ActiveCfg = Debug|Any CPU
		{30DDA905-2068-4985-8372-FFB11C8AD4D9}.Debug|x86.Build.0 = Debug|Any CPU
		{30DDA905-2068-4985-8372-FFB11C8AD4D9}.Release|Any CPU.ActiveCfg = Release|Any CPU
		{30DDA905-2068-4985-8372-FFB11C8AD4D9}.Release|Any CPU.Build.0 = Release|Any CPU
		{30DDA905-2068-4985-8372-FFB11C8AD4D9}.Release|x86.ActiveCfg = Release|Any CPU
		{30DDA905-2068-4985-8372-FFB11C8AD4D9}.Release|x86.Build.0 = Release|Any CPU
		{F4F1AFB6-71A9-4AB4-BE95-D3C45D3492CC}.Debug|Any CPU.ActiveCfg = Debug|Any CPU
		{F4F1AFB6-71A9-4AB4-BE95-D3C45D3492CC}.Debug|Any CPU.Build.0 = Debug|Any CPU
		{F4F1AFB6-71A9-4AB4-BE95-D3C45D3492CC}.Debug|x86.ActiveCfg = Debug|Any CPU
		{F4F1AFB6-71A9-4AB4-BE95-D3C45D3492CC}.Debug|x86.Build.0 = Debug|Any CPU
		{F4F1AFB6-71A9-4AB4-BE95-D3C45D3492CC}.Release|Any CPU.ActiveCfg = Release|Any CPU
		{F4F1AFB6-71A9-4AB4-BE95-D3C45D3492CC}.Release|Any CPU.Build.0 = Release|Any CPU
		{F4F1AFB6-71A9-4AB4-BE95-D3C45D3492CC}.Release|x86.ActiveCfg = Release|Any CPU
		{F4F1AFB6-71A9-4AB4-BE95-D3C45D3492CC}.Release|x86.Build.0 = Release|Any CPU
		{EBD795E6-E7AD-49E4-A812-D2DE29186C49}.Debug|Any CPU.ActiveCfg = Debug|Any CPU
		{EBD795E6-E7AD-49E4-A812-D2DE29186C49}.Debug|Any CPU.Build.0 = Debug|Any CPU
		{EBD795E6-E7AD-49E4-A812-D2DE29186C49}.Debug|x86.ActiveCfg = Debug|Any CPU
		{EBD795E6-E7AD-49E4-A812-D2DE29186C49}.Debug|x86.Build.0 = Debug|Any CPU
		{EBD795E6-E7AD-49E4-A812-D2DE29186C49}.Release|Any CPU.ActiveCfg = Release|Any CPU
		{EBD795E6-E7AD-49E4-A812-D2DE29186C49}.Release|Any CPU.Build.0 = Release|Any CPU
		{EBD795E6-E7AD-49E4-A812-D2DE29186C49}.Release|x86.ActiveCfg = Release|Any CPU
		{EBD795E6-E7AD-49E4-A812-D2DE29186C49}.Release|x86.Build.0 = Release|Any CPU
		{8EBA3B95-BE0E-4498-9EAC-20D417176A00}.Debug|Any CPU.ActiveCfg = Debug|Any CPU
		{8EBA3B95-BE0E-4498-9EAC-20D417176A00}.Debug|Any CPU.Build.0 = Debug|Any CPU
		{8EBA3B95-BE0E-4498-9EAC-20D417176A00}.Debug|x86.ActiveCfg = Debug|Any CPU
		{8EBA3B95-BE0E-4498-9EAC-20D417176A00}.Debug|x86.Build.0 = Debug|Any CPU
		{8EBA3B95-BE0E-4498-9EAC-20D417176A00}.Release|Any CPU.ActiveCfg = Release|Any CPU
		{8EBA3B95-BE0E-4498-9EAC-20D417176A00}.Release|Any CPU.Build.0 = Release|Any CPU
		{8EBA3B95-BE0E-4498-9EAC-20D417176A00}.Release|x86.ActiveCfg = Release|Any CPU
		{8EBA3B95-BE0E-4498-9EAC-20D417176A00}.Release|x86.Build.0 = Release|Any CPU
		{D5B8E8C4-DEF0-4225-9BF0-1C85FAC535B5}.Debug|Any CPU.ActiveCfg = Debug|Any CPU
		{D5B8E8C4-DEF0-4225-9BF0-1C85FAC535B5}.Debug|Any CPU.Build.0 = Debug|Any CPU
		{D5B8E8C4-DEF0-4225-9BF0-1C85FAC535B5}.Debug|x86.ActiveCfg = Debug|Any CPU
		{D5B8E8C4-DEF0-4225-9BF0-1C85FAC535B5}.Debug|x86.Build.0 = Debug|Any CPU
		{D5B8E8C4-DEF0-4225-9BF0-1C85FAC535B5}.Release|Any CPU.ActiveCfg = Release|Any CPU
		{D5B8E8C4-DEF0-4225-9BF0-1C85FAC535B5}.Release|Any CPU.Build.0 = Release|Any CPU
		{D5B8E8C4-DEF0-4225-9BF0-1C85FAC535B5}.Release|x86.ActiveCfg = Release|Any CPU
		{D5B8E8C4-DEF0-4225-9BF0-1C85FAC535B5}.Release|x86.Build.0 = Release|Any CPU
		{82ED616D-1508-41C5-A72A-B6A4F7C9B7E6}.Debug|Any CPU.ActiveCfg = Debug|Any CPU
		{82ED616D-1508-41C5-A72A-B6A4F7C9B7E6}.Debug|Any CPU.Build.0 = Debug|Any CPU
		{82ED616D-1508-41C5-A72A-B6A4F7C9B7E6}.Debug|x86.ActiveCfg = Debug|Any CPU
		{82ED616D-1508-41C5-A72A-B6A4F7C9B7E6}.Debug|x86.Build.0 = Debug|Any CPU
		{82ED616D-1508-41C5-A72A-B6A4F7C9B7E6}.Release|Any CPU.ActiveCfg = Release|Any CPU
		{82ED616D-1508-41C5-A72A-B6A4F7C9B7E6}.Release|Any CPU.Build.0 = Release|Any CPU
		{82ED616D-1508-41C5-A72A-B6A4F7C9B7E6}.Release|x86.ActiveCfg = Release|Any CPU
		{82ED616D-1508-41C5-A72A-B6A4F7C9B7E6}.Release|x86.Build.0 = Release|Any CPU
		{6FF21D77-0B66-409D-B57C-E5338C50849B}.Debug|Any CPU.ActiveCfg = Debug|Any CPU
		{6FF21D77-0B66-409D-B57C-E5338C50849B}.Debug|Any CPU.Build.0 = Debug|Any CPU
		{6FF21D77-0B66-409D-B57C-E5338C50849B}.Debug|x86.ActiveCfg = Debug|Any CPU
		{6FF21D77-0B66-409D-B57C-E5338C50849B}.Debug|x86.Build.0 = Debug|Any CPU
		{6FF21D77-0B66-409D-B57C-E5338C50849B}.Release|Any CPU.ActiveCfg = Release|Any CPU
		{6FF21D77-0B66-409D-B57C-E5338C50849B}.Release|Any CPU.Build.0 = Release|Any CPU
		{6FF21D77-0B66-409D-B57C-E5338C50849B}.Release|x86.ActiveCfg = Release|Any CPU
		{6FF21D77-0B66-409D-B57C-E5338C50849B}.Release|x86.Build.0 = Release|Any CPU
		{C42CC860-6372-469F-A52B-5D675F2650D6}.Debug|Any CPU.ActiveCfg = Debug|Any CPU
		{C42CC860-6372-469F-A52B-5D675F2650D6}.Debug|Any CPU.Build.0 = Debug|Any CPU
		{C42CC860-6372-469F-A52B-5D675F2650D6}.Debug|x86.ActiveCfg = Debug|Any CPU
		{C42CC860-6372-469F-A52B-5D675F2650D6}.Debug|x86.Build.0 = Debug|Any CPU
		{C42CC860-6372-469F-A52B-5D675F2650D6}.Release|Any CPU.ActiveCfg = Release|Any CPU
		{C42CC860-6372-469F-A52B-5D675F2650D6}.Release|Any CPU.Build.0 = Release|Any CPU
		{C42CC860-6372-469F-A52B-5D675F2650D6}.Release|x86.ActiveCfg = Release|Any CPU
		{C42CC860-6372-469F-A52B-5D675F2650D6}.Release|x86.Build.0 = Release|Any CPU
		{D7752ED4-6DD5-4953-8B5F-BBCE24136D1C}.Debug|Any CPU.ActiveCfg = Debug|Any CPU
		{D7752ED4-6DD5-4953-8B5F-BBCE24136D1C}.Debug|Any CPU.Build.0 = Debug|Any CPU
		{D7752ED4-6DD5-4953-8B5F-BBCE24136D1C}.Debug|x86.ActiveCfg = Debug|Any CPU
		{D7752ED4-6DD5-4953-8B5F-BBCE24136D1C}.Debug|x86.Build.0 = Debug|Any CPU
		{D7752ED4-6DD5-4953-8B5F-BBCE24136D1C}.Release|Any CPU.ActiveCfg = Release|Any CPU
		{D7752ED4-6DD5-4953-8B5F-BBCE24136D1C}.Release|Any CPU.Build.0 = Release|Any CPU
		{D7752ED4-6DD5-4953-8B5F-BBCE24136D1C}.Release|x86.ActiveCfg = Release|Any CPU
		{D7752ED4-6DD5-4953-8B5F-BBCE24136D1C}.Release|x86.Build.0 = Release|Any CPU
		{546A008D-F0C1-44C2-9768-9360154BB456}.Debug|Any CPU.ActiveCfg = Debug|Any CPU
		{546A008D-F0C1-44C2-9768-9360154BB456}.Debug|Any CPU.Build.0 = Debug|Any CPU
		{546A008D-F0C1-44C2-9768-9360154BB456}.Debug|x86.ActiveCfg = Debug|Any CPU
		{546A008D-F0C1-44C2-9768-9360154BB456}.Debug|x86.Build.0 = Debug|Any CPU
		{546A008D-F0C1-44C2-9768-9360154BB456}.Release|Any CPU.ActiveCfg = Release|Any CPU
		{546A008D-F0C1-44C2-9768-9360154BB456}.Release|Any CPU.Build.0 = Release|Any CPU
		{546A008D-F0C1-44C2-9768-9360154BB456}.Release|x86.ActiveCfg = Release|Any CPU
		{546A008D-F0C1-44C2-9768-9360154BB456}.Release|x86.Build.0 = Release|Any CPU
		{5A61DDD2-DE30-40D8-BFFF-8EF238BA65A5}.Debug|Any CPU.ActiveCfg = Debug|Any CPU
		{5A61DDD2-DE30-40D8-BFFF-8EF238BA65A5}.Debug|Any CPU.Build.0 = Debug|Any CPU
		{5A61DDD2-DE30-40D8-BFFF-8EF238BA65A5}.Debug|x86.ActiveCfg = Debug|Any CPU
		{5A61DDD2-DE30-40D8-BFFF-8EF238BA65A5}.Debug|x86.Build.0 = Debug|Any CPU
		{5A61DDD2-DE30-40D8-BFFF-8EF238BA65A5}.Release|Any CPU.ActiveCfg = Release|Any CPU
		{5A61DDD2-DE30-40D8-BFFF-8EF238BA65A5}.Release|Any CPU.Build.0 = Release|Any CPU
		{5A61DDD2-DE30-40D8-BFFF-8EF238BA65A5}.Release|x86.ActiveCfg = Release|Any CPU
		{5A61DDD2-DE30-40D8-BFFF-8EF238BA65A5}.Release|x86.Build.0 = Release|Any CPU
	EndGlobalSection
	GlobalSection(SolutionProperties) = preSolution
		HideSolutionNode = FALSE
	EndGlobalSection
	GlobalSection(CodealikeProperties) = postSolution
		SolutionGuid = 1e6ec338-a34e-4152-ba61-fbf34516bbf8
	EndGlobalSection
EndGlobal
